{
  "requires": true,
  "lockfileVersion": 1,
  "dependencies": {
    "dayjs": {
      "version": "1.10.7",
      "resolved": "https://registry.npmjs.org/dayjs/-/dayjs-1.10.7.tgz",
      "integrity": "sha512-P6twpd70BcPK34K26uJ1KT3wlhpuOAPoMwJzpsIWUxHZ7wpmbdZL/hQqBDfz7hGurYSa5PhzdhDHtt319hL3ig=="
    },
    "tdesign-miniprogram": {
      "version": "0.4.0",
      "resolved": "https://registry.npmjs.org/tdesign-miniprogram/-/tdesign-miniprogram-0.4.0.tgz",
      "integrity": "sha512-28Ty9yZJKforT83Z45SU5n4sqI0KNQcneBZCPEVuZwznPXjydOmffRBePmp/f45WJwWO/U6JwF049gUoxyIFdw==",
      "requires": {
        "dayjs": "^1.10.7"
      }
    }
  }
}
